// !$*UTF8*$!
{
	archiveVersion = 1;
	classes = {
	};
	objectVersion = 46;
	objects = {

/* Begin PBXBuildFile section */
		40D9D5D11581CE42000D8EF5 /* Reachability.m in Sources */ = {isa = PBXBuildFile; fileRef = 40D9D5D01581CE42000D8EF5 /* Reachability.m */; };
		40D9D5D41581CE67000D8EF5 /* ConnectionManager.m in Sources */ = {isa = PBXBuildFile; fileRef = 40D9D5D31581CE67000D8EF5 /* ConnectionManager.m */; };
		40D9D5D71581D0D9000D8EF5 /* SystemConfiguration.framework in Frameworks */ = {isa = PBXBuildFile; fileRef = 40D9D5D61581D0D9000D8EF5 /* SystemConfiguration.framework */; };
		40D9D5E515829842000D8EF5 /* DERecentTableViewController.m in Sources */ = {isa = PBXBuildFile; fileRef = 40D9D5E415829842000D8EF5 /* DERecentTableViewController.m */; };
		40E8EEDC15816F15004C116C /* DEAcronym.m in Sources */ = {isa = PBXBuildFile; fileRef = 40E8EEDB15816F15004C116C /* DEAcronym.m */; };
		40E8EEF615817DE4004C116C /* DEAcronymsListTableViewController.m in Sources */ = {isa = PBXBuildFile; fileRef = 40E8EEF515817DE4004C116C /* DEAcronymsListTableViewController.m */; };
		484923B3158295FA005EBB5F /* DERecentsStorage.m in Sources */ = {isa = PBXBuildFile; fileRef = 484923B2158295FA005EBB5F /* DERecentsStorage.m */; };
		486FFC1A15815AC1000AC329 /* UIKit.framework in Frameworks */ = {isa = PBXBuildFile; fileRef = 486FFC1915815AC1000AC329 /* UIKit.framework */; };
		486FFC1C15815AC1000AC329 /* Foundation.framework in Frameworks */ = {isa = PBXBuildFile; fileRef = 486FFC1B15815AC1000AC329 /* Foundation.framework */; };
		486FFC1E15815AC1000AC329 /* CoreGraphics.framework in Frameworks */ = {isa = PBXBuildFile; fileRef = 486FFC1D15815AC1000AC329 /* CoreGraphics.framework */; };
		486FFC2415815AC1000AC329 /* InfoPlist.strings in Resources */ = {isa = PBXBuildFile; fileRef = 486FFC2215815AC1000AC329 /* InfoPlist.strings */; };
		486FFC2615815AC1000AC329 /* main.m in Sources */ = {isa = PBXBuildFile; fileRef = 486FFC2515815AC1000AC329 /* main.m */; };
		486FFC2A15815AC1000AC329 /* AppDelegate.m in Sources */ = {isa = PBXBuildFile; fileRef = 486FFC2915815AC1000AC329 /* AppDelegate.m */; };
		486FFC3615816294000AC329 /* DEJsonRequest.m in Sources */ = {isa = PBXBuildFile; fileRef = 486FFC3515816294000AC329 /* DEJsonRequest.m */; };
		486FFC3B158171C0000AC329 /* JSONKit.m in Sources */ = {isa = PBXBuildFile; fileRef = 486FFC3A158171C0000AC329 /* JSONKit.m */; };
		A11409BE15819D5400F7E290 /* DEAcronymsDetailViewController.m in Sources */ = {isa = PBXBuildFile; fileRef = A11409BD15819D5400F7E290 /* DEAcronymsDetailViewController.m */; };
		A1ACA2351582AAE20044A6D7 /* ZKRevealingTableViewCell.m in Sources */ = {isa = PBXBuildFile; fileRef = A1ACA2341582AAE10044A6D7 /* ZKRevealingTableViewCell.m */; };
/* End PBXBuildFile section */

/* Begin PBXFileReference section */
		40D9D5CF1581CE42000D8EF5 /* Reachability.h */ = {isa = PBXFileReference; fileEncoding = 4; lastKnownFileType = sourcecode.c.h; path = Reachability.h; sourceTree = "<group>"; };
		40D9D5D01581CE42000D8EF5 /* Reachability.m */ = {isa = PBXFileReference; fileEncoding = 4; lastKnownFileType = sourcecode.c.objc; path = Reachability.m; sourceTree = "<group>"; };
		40D9D5D21581CE67000D8EF5 /* ConnectionManager.h */ = {isa = PBXFileReference; fileEncoding = 4; lastKnownFileType = sourcecode.c.h; path = ConnectionManager.h; sourceTree = "<group>"; };
		40D9D5D31581CE67000D8EF5 /* ConnectionManager.m */ = {isa = PBXFileReference; fileEncoding = 4; lastKnownFileType = sourcecode.c.objc; path = ConnectionManager.m; sourceTree = "<group>"; };
		40D9D5D61581D0D9000D8EF5 /* SystemConfiguration.framework */ = {isa = PBXFileReference; lastKnownFileType = wrapper.framework; name = SystemConfiguration.framework; path = System/Library/Frameworks/SystemConfiguration.framework; sourceTree = SDKROOT; };
		40D9D5E315829842000D8EF5 /* DERecentTableViewController.h */ = {isa = PBXFileReference; fileEncoding = 4; lastKnownFileType = sourcecode.c.h; path = DERecentTableViewController.h; sourceTree = "<group>"; };
		40D9D5E415829842000D8EF5 /* DERecentTableViewController.m */ = {isa = PBXFileReference; fileEncoding = 4; lastKnownFileType = sourcecode.c.objc; path = DERecentTableViewController.m; sourceTree = "<group>"; };
		40E8EEDA15816F15004C116C /* DEAcronym.h */ = {isa = PBXFileReference; fileEncoding = 4; lastKnownFileType = sourcecode.c.h; path = DEAcronym.h; sourceTree = "<group>"; };
		40E8EEDB15816F15004C116C /* DEAcronym.m */ = {isa = PBXFileReference; fileEncoding = 4; lastKnownFileType = sourcecode.c.objc; path = DEAcronym.m; sourceTree = "<group>"; };
		40E8EEF415817DE4004C116C /* DEAcronymsListTableViewController.h */ = {isa = PBXFileReference; fileEncoding = 4; lastKnownFileType = sourcecode.c.h; path = DEAcronymsListTableViewController.h; sourceTree = "<group>"; };
		40E8EEF515817DE4004C116C /* DEAcronymsListTableViewController.m */ = {isa = PBXFileReference; fileEncoding = 4; lastKnownFileType = sourcecode.c.objc; path = DEAcronymsListTableViewController.m; sourceTree = "<group>"; };
		484923B1158295FA005EBB5F /* DERecentsStorage.h */ = {isa = PBXFileReference; fileEncoding = 4; lastKnownFileType = sourcecode.c.h; path = DERecentsStorage.h; sourceTree = "<group>"; };
		484923B2158295FA005EBB5F /* DERecentsStorage.m */ = {isa = PBXFileReference; fileEncoding = 4; lastKnownFileType = sourcecode.c.objc; path = DERecentsStorage.m; sourceTree = "<group>"; };
		486FFC1515815AC1000AC329 /* decoder.app */ = {isa = PBXFileReference; explicitFileType = wrapper.application; includeInIndex = 0; path = decoder.app; sourceTree = BUILT_PRODUCTS_DIR; };
		486FFC1915815AC1000AC329 /* UIKit.framework */ = {isa = PBXFileReference; lastKnownFileType = wrapper.framework; name = UIKit.framework; path = System/Library/Frameworks/UIKit.framework; sourceTree = SDKROOT; };
		486FFC1B15815AC1000AC329 /* Foundation.framework */ = {isa = PBXFileReference; lastKnownFileType = wrapper.framework; name = Foundation.framework; path = System/Library/Frameworks/Foundation.framework; sourceTree = SDKROOT; };
		486FFC1D15815AC1000AC329 /* CoreGraphics.framework */ = {isa = PBXFileReference; lastKnownFileType = wrapper.framework; name = CoreGraphics.framework; path = System/Library/Frameworks/CoreGraphics.framework; sourceTree = SDKROOT; };
		486FFC2115815AC1000AC329 /* decoder-Info.plist */ = {isa = PBXFileReference; lastKnownFileType = text.plist.xml; path = "decoder-Info.plist"; sourceTree = "<group>"; };
		486FFC2315815AC1000AC329 /* en */ = {isa = PBXFileReference; lastKnownFileType = text.plist.strings; name = en; path = en.lproj/InfoPlist.strings; sourceTree = "<group>"; };
		486FFC2515815AC1000AC329 /* main.m */ = {isa = PBXFileReference; lastKnownFileType = sourcecode.c.objc; path = main.m; sourceTree = "<group>"; };
		486FFC2715815AC1000AC329 /* decoder-Prefix.pch */ = {isa = PBXFileReference; lastKnownFileType = sourcecode.c.h; path = "decoder-Prefix.pch"; sourceTree = "<group>"; };
		486FFC2815815AC1000AC329 /* AppDelegate.h */ = {isa = PBXFileReference; lastKnownFileType = sourcecode.c.h; path = AppDelegate.h; sourceTree = "<group>"; };
		486FFC2915815AC1000AC329 /* AppDelegate.m */ = {isa = PBXFileReference; lastKnownFileType = sourcecode.c.objc; path = AppDelegate.m; sourceTree = "<group>"; };
		486FFC3415816294000AC329 /* DEJsonRequest.h */ = {isa = PBXFileReference; fileEncoding = 4; lastKnownFileType = sourcecode.c.h; path = DEJsonRequest.h; sourceTree = "<group>"; };
		486FFC3515816294000AC329 /* DEJsonRequest.m */ = {isa = PBXFileReference; fileEncoding = 4; lastKnownFileType = sourcecode.c.objc; path = DEJsonRequest.m; sourceTree = "<group>"; };
		486FFC39158171C0000AC329 /* JSONKit.h */ = {isa = PBXFileReference; fileEncoding = 4; lastKnownFileType = sourcecode.c.h; path = JSONKit.h; sourceTree = "<group>"; };
		486FFC3A158171C0000AC329 /* JSONKit.m */ = {isa = PBXFileReference; fileEncoding = 4; lastKnownFileType = sourcecode.c.objc; path = JSONKit.m; sourceTree = "<group>"; };
		A11409BC15819D5400F7E290 /* DEAcronymsDetailViewController.h */ = {isa = PBXFileReference; fileEncoding = 4; lastKnownFileType = sourcecode.c.h; path = DEAcronymsDetailViewController.h; sourceTree = "<group>"; };
		A11409BD15819D5400F7E290 /* DEAcronymsDetailViewController.m */ = {isa = PBXFileReference; fileEncoding = 4; lastKnownFileType = sourcecode.c.objc; path = DEAcronymsDetailViewController.m; sourceTree = "<group>"; };
		A1ACA2331582AAE10044A6D7 /* ZKRevealingTableViewCell.h */ = {isa = PBXFileReference; fileEncoding = 4; lastKnownFileType = sourcecode.c.h; name = ZKRevealingTableViewCell.h; path = vendor/ZKRevealingTableViewCell.h; sourceTree = "<group>"; };
		A1ACA2341582AAE10044A6D7 /* ZKRevealingTableViewCell.m */ = {isa = PBXFileReference; fileEncoding = 4; lastKnownFileType = sourcecode.c.objc; name = ZKRevealingTableViewCell.m; path = vendor/ZKRevealingTableViewCell.m; sourceTree = "<group>"; };
/* End PBXFileReference section */

/* Begin PBXFrameworksBuildPhase section */
		486FFC1215815AC1000AC329 /* Frameworks */ = {
			isa = PBXFrameworksBuildPhase;
			buildActionMask = 2147483647;
			files = (
				40D9D5D71581D0D9000D8EF5 /* SystemConfiguration.framework in Frameworks */,
				486FFC1A15815AC1000AC329 /* UIKit.framework in Frameworks */,
				486FFC1C15815AC1000AC329 /* Foundation.framework in Frameworks */,
				486FFC1E15815AC1000AC329 /* CoreGraphics.framework in Frameworks */,
			);
			runOnlyForDeploymentPostprocessing = 0;
		};
/* End PBXFrameworksBuildPhase section */

/* Begin PBXGroup section */
		40D9D5D51581CE6D000D8EF5 /* Connectivity */ = {
			isa = PBXGroup;
			children = (
				40D9D5CF1581CE42000D8EF5 /* Reachability.h */,
				40D9D5D01581CE42000D8EF5 /* Reachability.m */,
				40D9D5D21581CE67000D8EF5 /* ConnectionManager.h */,
				40D9D5D31581CE67000D8EF5 /* ConnectionManager.m */,
			);
			name = Connectivity;
			sourceTree = "<group>";
		};
		40E8EED815816DDD004C116C /* Model */ = {
			isa = PBXGroup;
			children = (
				40E8EEDA15816F15004C116C /* DEAcronym.h */,
				40E8EEDB15816F15004C116C /* DEAcronym.m */,
			);
			name = Model;
			sourceTree = "<group>";
		};
		40E8EEED15817CC0004C116C /* Controller */ = {
			isa = PBXGroup;
			children = (
				40E8EEF415817DE4004C116C /* DEAcronymsListTableViewController.h */,
				40E8EEF515817DE4004C116C /* DEAcronymsListTableViewController.m */,
				A11409BC15819D5400F7E290 /* DEAcronymsDetailViewController.h */,
				A11409BD15819D5400F7E290 /* DEAcronymsDetailViewController.m */,
				40D9D5E315829842000D8EF5 /* DERecentTableViewController.h */,
				40D9D5E415829842000D8EF5 /* DERecentTableViewController.m */,
			);
			name = Controller;
			sourceTree = "<group>";
		};
		40E8EEEF15817CC8004C116C /* View */ = {
			isa = PBXGroup;
			children = (
			);
			name = View;
			sourceTree = "<group>";
		};
		486FFC0A15815AC1000AC329 = {
			isa = PBXGroup;
			children = (
				486FFC1F15815AC1000AC329 /* decoder */,
				A1ACA2321582AACD0044A6D7 /* vendor */,
				486FFC1815815AC1000AC329 /* Frameworks */,
				486FFC1615815AC1000AC329 /* Products */,
			);
			sourceTree = "<group>";
		};
		486FFC1615815AC1000AC329 /* Products */ = {
			isa = PBXGroup;
			children = (
				486FFC1515815AC1000AC329 /* decoder.app */,
			);
			name = Products;
			sourceTree = "<group>";
		};
		486FFC1815815AC1000AC329 /* Frameworks */ = {
			isa = PBXGroup;
			children = (
				40D9D5D61581D0D9000D8EF5 /* SystemConfiguration.framework */,
				486FFC1915815AC1000AC329 /* UIKit.framework */,
				486FFC1B15815AC1000AC329 /* Foundation.framework */,
				486FFC1D15815AC1000AC329 /* CoreGraphics.framework */,
			);
			name = Frameworks;
			sourceTree = "<group>";
		};
		486FFC1F15815AC1000AC329 /* decoder */ = {
			isa = PBXGroup;
			children = (
				40D9D5D51581CE6D000D8EF5 /* Connectivity */,
				40E8EEEF15817CC8004C116C /* View */,
				40E8EEED15817CC0004C116C /* Controller */,
				486FFC381581629F000AC329 /* backend */,
				40E8EED815816DDD004C116C /* Model */,
				486FFC2815815AC1000AC329 /* AppDelegate.h */,
				486FFC2915815AC1000AC329 /* AppDelegate.m */,
				486FFC2015815AC1000AC329 /* Supporting Files */,
			);
			path = decoder;
			sourceTree = "<group>";
		};
		486FFC2015815AC1000AC329 /* Supporting Files */ = {
			isa = PBXGroup;
			children = (
				486FFC2115815AC1000AC329 /* decoder-Info.plist */,
				486FFC2215815AC1000AC329 /* InfoPlist.strings */,
				486FFC2515815AC1000AC329 /* main.m */,
				486FFC2715815AC1000AC329 /* decoder-Prefix.pch */,
			);
			name = "Supporting Files";
			sourceTree = "<group>";
		};
		486FFC381581629F000AC329 /* backend */ = {
			isa = PBXGroup;
			children = (
				486FFC3415816294000AC329 /* DEJsonRequest.h */,
				486FFC3515816294000AC329 /* DEJsonRequest.m */,
				486FFC39158171C0000AC329 /* JSONKit.h */,
				486FFC3A158171C0000AC329 /* JSONKit.m */,
				484923B1158295FA005EBB5F /* DERecentsStorage.h */,
				484923B2158295FA005EBB5F /* DERecentsStorage.m */,
			);
			name = backend;
			sourceTree = "<group>";
		};
		A1ACA2321582AACD0044A6D7 /* vendor */ = {
			isa = PBXGroup;
			children = (
				A1ACA2331582AAE10044A6D7 /* ZKRevealingTableViewCell.h */,
				A1ACA2341582AAE10044A6D7 /* ZKRevealingTableViewCell.m */,
			);
			name = vendor;
			path = decoder;
			sourceTree = "<group>";
		};
/* End PBXGroup section */

/* Begin PBXNativeTarget section */
		486FFC1415815AC1000AC329 /* decoder */ = {
			isa = PBXNativeTarget;
			buildConfigurationList = 486FFC2D15815AC1000AC329 /* Build configuration list for PBXNativeTarget "decoder" */;
			buildPhases = (
				486FFC1115815AC1000AC329 /* Sources */,
				486FFC1215815AC1000AC329 /* Frameworks */,
				486FFC1315815AC1000AC329 /* Resources */,
			);
			buildRules = (
			);
			dependencies = (
			);
			name = decoder;
			productName = decoder;
			productReference = 486FFC1515815AC1000AC329 /* decoder.app */;
			productType = "com.apple.product-type.application";
		};
/* End PBXNativeTarget section */

/* Begin PBXProject section */
		486FFC0C15815AC1000AC329 /* Project object */ = {
			isa = PBXProject;
			attributes = {
				LastUpgradeCheck = 0420;
				ORGANIZATIONNAME = Roche;
			};
			buildConfigurationList = 486FFC0F15815AC1000AC329 /* Build configuration list for PBXProject "decoder" */;
			compatibilityVersion = "Xcode 3.2";
			developmentRegion = English;
			hasScannedForEncodings = 0;
			knownRegions = (
				en,
			);
			mainGroup = 486FFC0A15815AC1000AC329;
			productRefGroup = 486FFC1615815AC1000AC329 /* Products */;
			projectDirPath = "";
			projectRoot = "";
			targets = (
				486FFC1415815AC1000AC329 /* decoder */,
			);
		};
/* End PBXProject section */

/* Begin PBXResourcesBuildPhase section */
		486FFC1315815AC1000AC329 /* Resources */ = {
			isa = PBXResourcesBuildPhase;
			buildActionMask = 2147483647;
			files = (
				486FFC2415815AC1000AC329 /* InfoPlist.strings in Resources */,
			);
			runOnlyForDeploymentPostprocessing = 0;
		};
/* End PBXResourcesBuildPhase section */

/* Begin PBXSourcesBuildPhase section */
		486FFC1115815AC1000AC329 /* Sources */ = {
			isa = PBXSourcesBuildPhase;
			buildActionMask = 2147483647;
			files = (
				486FFC2615815AC1000AC329 /* main.m in Sources */,
				486FFC2A15815AC1000AC329 /* AppDelegate.m in Sources */,
				486FFC3615816294000AC329 /* DEJsonRequest.m in Sources */,
				486FFC3B158171C0000AC329 /* JSONKit.m in Sources */,
				40E8EEDC15816F15004C116C /* DEAcronym.m in Sources */,
				40E8EEF615817DE4004C116C /* DEAcronymsListTableViewController.m in Sources */,
				A11409BE15819D5400F7E290 /* DEAcronymsDetailViewController.m in Sources */,
				484923B3158295FA005EBB5F /* DERecentsStorage.m in Sources */,
				40D9D5D11581CE42000D8EF5 /* Reachability.m in Sources */,
				40D9D5D41581CE67000D8EF5 /* ConnectionManager.m in Sources */,
				40D9D5E515829842000D8EF5 /* DERecentTableViewController.m in Sources */,
				A1ACA2351582AAE20044A6D7 /* ZKRevealingTableViewCell.m in Sources */,
			);
			runOnlyForDeploymentPostprocessing = 0;
		};
/* End PBXSourcesBuildPhase section */

/* Begin PBXVariantGroup section */
		486FFC2215815AC1000AC329 /* InfoPlist.strings */ = {
			isa = PBXVariantGroup;
			children = (
				486FFC2315815AC1000AC329 /* en */,
			);
			name = InfoPlist.strings;
			sourceTree = "<group>";
		};
/* End PBXVariantGroup section */

/* Begin XCBuildConfiguration section */
		486FFC2B15815AC1000AC329 /* Debug */ = {
			isa = XCBuildConfiguration;
			buildSettings = {
				ALWAYS_SEARCH_USER_PATHS = NO;
				ARCHS = "$(ARCHS_STANDARD_32_BIT)";
				"CODE_SIGN_IDENTITY[sdk=iphoneos*]" = "iPhone Developer";
				COPY_PHASE_STRIP = NO;
				GCC_C_LANGUAGE_STANDARD = gnu99;
				GCC_DYNAMIC_NO_PIC = NO;
				GCC_OPTIMIZATION_LEVEL = 0;
				GCC_PREPROCESSOR_DEFINITIONS = (
					"DEBUG=1",
					"$(inherited)",
				);
				GCC_SYMBOLS_PRIVATE_EXTERN = NO;
				GCC_VERSION = com.apple.compilers.llvm.clang.1_0;
				GCC_WARN_ABOUT_MISSING_PROTOTYPES = YES;
				GCC_WARN_ABOUT_RETURN_TYPE = YES;
				GCC_WARN_UNUSED_VARIABLE = YES;
				IPHONEOS_DEPLOYMENT_TARGET = 5.0;
				SDKROOT = iphoneos;
			};
			name = Debug;
		};
		486FFC2C15815AC1000AC329 /* Release */ = {
			isa = XCBuildConfiguration;
			buildSettings = {
				ALWAYS_SEARCH_USER_PATHS = NO;
				ARCHS = "$(ARCHS_STANDARD_32_BIT)";
				"CODE_SIGN_IDENTITY[sdk=iphoneos*]" = "iPhone Developer";
				COPY_PHASE_STRIP = YES;
				GCC_C_LANGUAGE_STANDARD = gnu99;
				GCC_VERSION = com.apple.compilers.llvm.clang.1_0;
				GCC_WARN_ABOUT_MISSING_PROTOTYPES = YES;
				GCC_WARN_ABOUT_RETURN_TYPE = YES;
				GCC_WARN_UNUSED_VARIABLE = YES;
				IPHONEOS_DEPLOYMENT_TARGET = 5.0;
				OTHER_CFLAGS = "-DNS_BLOCK_ASSERTIONS=1";
				SDKROOT = iphoneos;
				VALIDATE_PRODUCT = YES;
			};
			name = Release;
		};
		486FFC2E15815AC1000AC329 /* Debug */ = {
			isa = XCBuildConfiguration;
			buildSettings = {
				GCC_PRECOMPILE_PREFIX_HEADER = YES;
				GCC_PREFIX_HEADER = "decoder/decoder-Prefix.pch";
				INFOPLIST_FILE = "decoder/decoder-Info.plist";
				PRODUCT_NAME = "$(TARGET_NAME)";
				WRAPPER_EXTENSION = app;
			};
			name = Debug;
		};
		486FFC2F15815AC1000AC329 /* Release */ = {
			isa = XCBuildConfiguration;
			buildSettings = {
				GCC_PRECOMPILE_PREFIX_HEADER = YES;
				GCC_PREFIX_HEADER = "decoder/decoder-Prefix.pch";
				INFOPLIST_FILE = "decoder/decoder-Info.plist";
				PRODUCT_NAME = "$(TARGET_NAME)";
				WRAPPER_EXTENSION = app;
			};
			name = Release;
		};
/* End XCBuildConfiguration section */

/* Begin XCConfigurationList section */
		486FFC0F15815AC1000AC329 /* Build configuration list for PBXProject "decoder" */ = {
			isa = XCConfigurationList;
			buildConfigurations = (
				486FFC2B15815AC1000AC329 /* Debug */,
				486FFC2C15815AC1000AC329 /* Release */,
			);
			defaultConfigurationIsVisible = 0;
			defaultConfigurationName = Release;
		};
		486FFC2D15815AC1000AC329 /* Build configuration list for PBXNativeTarget "decoder" */ = {
			isa = XCConfigurationList;
			buildConfigurations = (
				486FFC2E15815AC1000AC329 /* Debug */,
				486FFC2F15815AC1000AC329 /* Release */,
			);
			defaultConfigurationIsVisible = 0;
			defaultConfigurationName = Release;
		};
/* End XCConfigurationList section */
	};
	rootObject = 486FFC0C15815AC1000AC329 /* Project object */;
}
